
Microsoft Visual Studio Solution File, Format Version 12.00
# Visual Studio 15
VisualStudioVersion = 15.0.27130.2010
MinimumVisualStudioVersion = 10.0.40219.1
Project("{FAE04EC0-301F-11D3-BF4B-00C04F79EFBC}") = "InferNET-ModelSelection", "InferNET-ModelSelection\InferNET-ModelSelection.csproj", "{813C7A4C-6653-4167-8D70-100B5B1EF909}"
EndProject
Global
	GlobalSection(SolutionConfigurationPlatforms) = preSolution
		Debug|Any CPU = Debug|Any CPU
		Release|Any CPU = Release|Any CPU
	EndGlobalSection
	GlobalSection(ProjectConfigurationPlatforms) = postSolution
		{813C7A4C-6653-4167-8D70-100B5B1EF909}.Debug|Any CPU.ActiveCfg = Debug|Any CPU
		{813C7A4C-6653-4167-8D70-100B5B1EF909}.Debug|Any CPU.Build.0 = Debug|Any CPU
		{813C7A4C-6653-4167-8D70-100B5B1EF909}.Release|Any CPU.ActiveCfg = Release|Any CPU
		{813C7A4C-6653-4167-8D70-100B5B1EF909}.Release|Any CPU.Build.0 = Release|Any CPU
	EndGlobalSection
	GlobalSection(SolutionProperties) = preSolution
		HideSolutionNode = FALSE
	EndGlobalSection
	GlobalSection(ExtensibilityGlobals) = postSolution
		SolutionGuid = {CC37C434-8280-4C30-8707-66C62693FEB6}
	EndGlobalSection
EndGlobal
